// !$*UTF8*$!
{
	archiveVersion = 1;
	classes = {
	};
	objectVersion = 46;
	objects = {

/* Begin PBXBuildFile section */
		986ADE5E1DC19A8A00098F2A /* main.m in Sources */ = {isa = PBXBuildFile; fileRef = 986ADE5D1DC19A8A00098F2A /* main.m */; };
		986ADE611DC19A8A00098F2A /* AppDelegate.m in Sources */ = {isa = PBXBuildFile; fileRef = 986ADE601DC19A8A00098F2A /* AppDelegate.m */; };
		986ADE641DC19A8A00098F2A /* ViewController.m in Sources */ = {isa = PBXBuildFile; fileRef = 986ADE631DC19A8A00098F2A /* ViewController.m */; };
		986ADE671DC19A8A00098F2A /* Main.storyboard in Resources */ = {isa = PBXBuildFile; fileRef = 986ADE651DC19A8A00098F2A /* Main.storyboard */; };
		986ADE691DC19A8A00098F2A /* Assets.xcassets in Resources */ = {isa = PBXBuildFile; fileRef = 986ADE681DC19A8A00098F2A /* Assets.xcassets */; };
		986ADE6C1DC19A8A00098F2A /* LaunchScreen.storyboard in Resources */ = {isa = PBXBuildFile; fileRef = 986ADE6A1DC19A8A00098F2A /* LaunchScreen.storyboard */; };
		986ADE771DC19A8A00098F2A /* TestProjectTests.m in Sources */ = {isa = PBXBuildFile; fileRef = 986ADE761DC19A8A00098F2A /* TestProjectTests.m */; };
		986ADE821DC19A8A00098F2A /* TestProjectUITests.m in Sources */ = {isa = PBXBuildFile; fileRef = 986ADE811DC19A8A00098F2A /* TestProjectUITests.m */; };
		986ADE961DC1A01F00098F2A /* InfoPlist.strings in Resources */ = {isa = PBXBuildFile; fileRef = 986ADE981DC1A01F00098F2A /* InfoPlist.strings */; };
		986ADE9C1DC1A21500098F2A /* Localizable.strings in Resources */ = {isa = PBXBuildFile; fileRef = 986ADE9E1DC1A21500098F2A /* Localizable.strings */; };
		986ADEA61DC1A62B00098F2A /* UIView+ZZAdd.m in Sources */ = {isa = PBXBuildFile; fileRef = 986ADEA51DC1A62B00098F2A /* UIView+ZZAdd.m */; };
		986ADEF91DC1D1F100098F2A /* YTKBaseRequest.m in Sources */ = {isa = PBXBuildFile; fileRef = 986ADEE71DC1D1F100098F2A /* YTKBaseRequest.m */; };
		986ADEFA1DC1D1F100098F2A /* YTKBatchRequest.m in Sources */ = {isa = PBXBuildFile; fileRef = 986ADEE91DC1D1F100098F2A /* YTKBatchRequest.m */; };
		986ADEFB1DC1D1F100098F2A /* YTKBatchRequestAgent.m in Sources */ = {isa = PBXBuildFile; fileRef = 986ADEEB1DC1D1F100098F2A /* YTKBatchRequestAgent.m */; };
		986ADEFC1DC1D1F100098F2A /* YTKChainRequest.m in Sources */ = {isa = PBXBuildFile; fileRef = 986ADEED1DC1D1F100098F2A /* YTKChainRequest.m */; };
		986ADEFD1DC1D1F100098F2A /* YTKChainRequestAgent.m in Sources */ = {isa = PBXBuildFile; fileRef = 986ADEEF1DC1D1F100098F2A /* YTKChainRequestAgent.m */; };
		986ADEFE1DC1D1F100098F2A /* YTKNetworkAgent.m in Sources */ = {isa = PBXBuildFile; fileRef = 986ADEF21DC1D1F100098F2A /* YTKNetworkAgent.m */; };
		986ADEFF1DC1D1F100098F2A /* YTKNetworkConfig.m in Sources */ = {isa = PBXBuildFile; fileRef = 986ADEF41DC1D1F100098F2A /* YTKNetworkConfig.m */; };
		986ADF001DC1D1F100098F2A /* YTKNetworkPrivate.m in Sources */ = {isa = PBXBuildFile; fileRef = 986ADEF61DC1D1F100098F2A /* YTKNetworkPrivate.m */; };
		986ADF011DC1D1F100098F2A /* YTKRequest.m in Sources */ = {isa = PBXBuildFile; fileRef = 986ADEF81DC1D1F100098F2A /* YTKRequest.m */; };
		986ADF101DC1D9AF00098F2A /* AFHTTPSessionManager.m in Sources */ = {isa = PBXBuildFile; fileRef = 986ADF041DC1D9AF00098F2A /* AFHTTPSessionManager.m */; };
		986ADF111DC1D9AF00098F2A /* AFNetworkReachabilityManager.m in Sources */ = {isa = PBXBuildFile; fileRef = 986ADF071DC1D9AF00098F2A /* AFNetworkReachabilityManager.m */; };
		986ADF121DC1D9AF00098F2A /* AFSecurityPolicy.m in Sources */ = {isa = PBXBuildFile; fileRef = 986ADF091DC1D9AF00098F2A /* AFSecurityPolicy.m */; };
		986ADF131DC1D9AF00098F2A /* AFURLRequestSerialization.m in Sources */ = {isa = PBXBuildFile; fileRef = 986ADF0B1DC1D9AF00098F2A /* AFURLRequestSerialization.m */; };
		986ADF141DC1D9AF00098F2A /* AFURLResponseSerialization.m in Sources */ = {isa = PBXBuildFile; fileRef = 986ADF0D1DC1D9AF00098F2A /* AFURLResponseSerialization.m */; };
		986ADF151DC1D9AF00098F2A /* AFURLSessionManager.m in Sources */ = {isa = PBXBuildFile; fileRef = 986ADF0F1DC1D9AF00098F2A /* AFURLSessionManager.m */; };
		986ADF191DC1DA8B00098F2A /* ZZYTKNetClient.m in Sources */ = {isa = PBXBuildFile; fileRef = 986ADF181DC1DA8B00098F2A /* ZZYTKNetClient.m */; };
		986ADF1C1DC1DED600098F2A /* ZZYTKRequest.m in Sources */ = {isa = PBXBuildFile; fileRef = 986ADF1B1DC1DED600098F2A /* ZZYTKRequest.m */; };
		986ADF2C1DC1F9DE00098F2A /* ZZAFNetworkClient.m in Sources */ = {isa = PBXBuildFile; fileRef = 986ADF2B1DC1F9DE00098F2A /* ZZAFNetworkClient.m */; };
		988707561DCAE722000839BE /* MKAnnotationView+WebCache.m in Sources */ = {isa = PBXBuildFile; fileRef = 9887072F1DCAE722000839BE /* MKAnnotationView+WebCache.m */; };
		988707571DCAE722000839BE /* NSData+ImageContentType.m in Sources */ = {isa = PBXBuildFile; fileRef = 988707311DCAE722000839BE /* NSData+ImageContentType.m */; };
		988707581DCAE722000839BE /* NSImage+WebCache.m in Sources */ = {isa = PBXBuildFile; fileRef = 988707331DCAE722000839BE /* NSImage+WebCache.m */; };
		988707591DCAE722000839BE /* SDImageCache.m in Sources */ = {isa = PBXBuildFile; fileRef = 988707351DCAE722000839BE /* SDImageCache.m */; };
		9887075A1DCAE722000839BE /* SDImageCacheConfig.m in Sources */ = {isa = PBXBuildFile; fileRef = 988707371DCAE722000839BE /* SDImageCacheConfig.m */; };
		9887075B1DCAE722000839BE /* SDWebImageCompat.m in Sources */ = {isa = PBXBuildFile; fileRef = 988707391DCAE722000839BE /* SDWebImageCompat.m */; };
		9887075C1DCAE722000839BE /* SDWebImageDecoder.m in Sources */ = {isa = PBXBuildFile; fileRef = 9887073B1DCAE722000839BE /* SDWebImageDecoder.m */; };
		9887075D1DCAE722000839BE /* SDWebImageDownloader.m in Sources */ = {isa = PBXBuildFile; fileRef = 9887073D1DCAE722000839BE /* SDWebImageDownloader.m */; };
		9887075E1DCAE722000839BE /* SDWebImageDownloaderOperation.m in Sources */ = {isa = PBXBuildFile; fileRef = 9887073F1DCAE722000839BE /* SDWebImageDownloaderOperation.m */; };
		9887075F1DCAE722000839BE /* SDWebImageManager.m in Sources */ = {isa = PBXBuildFile; fileRef = 988707411DCAE722000839BE /* SDWebImageManager.m */; };
		988707601DCAE722000839BE /* SDWebImagePrefetcher.m in Sources */ = {isa = PBXBuildFile; fileRef = 988707441DCAE722000839BE /* SDWebImagePrefetcher.m */; };
		988707611DCAE722000839BE /* UIButton+WebCache.m in Sources */ = {isa = PBXBuildFile; fileRef = 988707461DCAE722000839BE /* UIButton+WebCache.m */; };
		988707621DCAE722000839BE /* UIImage+GIF.m in Sources */ = {isa = PBXBuildFile; fileRef = 988707481DCAE722000839BE /* UIImage+GIF.m */; };
		988707631DCAE722000839BE /* UIImage+MultiFormat.m in Sources */ = {isa = PBXBuildFile; fileRef = 9887074A1DCAE722000839BE /* UIImage+MultiFormat.m */; };
		988707641DCAE722000839BE /* UIImage+WebP.m in Sources */ = {isa = PBXBuildFile; fileRef = 9887074C1DCAE722000839BE /* UIImage+WebP.m */; };
		988707651DCAE722000839BE /* UIImageView+HighlightedWebCache.m in Sources */ = {isa = PBXBuildFile; fileRef = 9887074E1DCAE722000839BE /* UIImageView+HighlightedWebCache.m */; };
		988707661DCAE722000839BE /* UIImageView+WebCache.m in Sources */ = {isa = PBXBuildFile; fileRef = 988707501DCAE722000839BE /* UIImageView+WebCache.m */; };
		988707671DCAE722000839BE /* UIView+WebCache.m in Sources */ = {isa = PBXBuildFile; fileRef = 988707521DCAE722000839BE /* UIView+WebCache.m */; };
		988707681DCAE722000839BE /* UIView+WebCacheOperation.m in Sources */ = {isa = PBXBuildFile; fileRef = 988707541DCAE722000839BE /* UIView+WebCacheOperation.m */; };
		989117691DC7213A0037CA11 /* YYTextContainerView.m in Sources */ = {isa = PBXBuildFile; fileRef = 989117371DC721390037CA11 /* YYTextContainerView.m */; };
		9891176A1DC7213A0037CA11 /* YYTextDebugOption.m in Sources */ = {isa = PBXBuildFile; fileRef = 989117391DC721390037CA11 /* YYTextDebugOption.m */; };
		9891176B1DC7213A0037CA11 /* YYTextEffectWindow.m in Sources */ = {isa = PBXBuildFile; fileRef = 9891173B1DC721390037CA11 /* YYTextEffectWindow.m */; };
		9891176C1DC7213A0037CA11 /* YYTextInput.m in Sources */ = {isa = PBXBuildFile; fileRef = 9891173D1DC721390037CA11 /* YYTextInput.m */; };
		9891176D1DC7213A0037CA11 /* YYTextKeyboardManager.m in Sources */ = {isa = PBXBuildFile; fileRef = 9891173F1DC721390037CA11 /* YYTextKeyboardManager.m */; };
		9891176E1DC7213A0037CA11 /* YYTextLayout.m in Sources */ = {isa = PBXBuildFile; fileRef = 989117411DC721390037CA11 /* YYTextLayout.m */; };
		9891176F1DC7213A0037CA11 /* YYTextLine.m in Sources */ = {isa = PBXBuildFile; fileRef = 989117431DC721390037CA11 /* YYTextLine.m */; };
		989117701DC7213A0037CA11 /* YYTextMagnifier.m in Sources */ = {isa = PBXBuildFile; fileRef = 989117451DC721390037CA11 /* YYTextMagnifier.m */; };
		989117711DC7213A0037CA11 /* YYTextSelectionView.m in Sources */ = {isa = PBXBuildFile; fileRef = 989117471DC7213A0037CA11 /* YYTextSelectionView.m */; };
		989117721DC7213A0037CA11 /* YYTextArchiver.m in Sources */ = {isa = PBXBuildFile; fileRef = 9891174A1DC7213A0037CA11 /* YYTextArchiver.m */; };
		989117731DC7213A0037CA11 /* YYTextAttribute.m in Sources */ = {isa = PBXBuildFile; fileRef = 9891174C1DC7213A0037CA11 /* YYTextAttribute.m */; };
		989117741DC7213A0037CA11 /* YYTextParser.m in Sources */ = {isa = PBXBuildFile; fileRef = 9891174E1DC7213A0037CA11 /* YYTextParser.m */; };
		989117751DC7213A0037CA11 /* YYTextRubyAnnotation.m in Sources */ = {isa = PBXBuildFile; fileRef = 989117501DC7213A0037CA11 /* YYTextRubyAnnotation.m */; };
		989117761DC7213A0037CA11 /* YYTextRunDelegate.m in Sources */ = {isa = PBXBuildFile; fileRef = 989117521DC7213A0037CA11 /* YYTextRunDelegate.m */; };
		989117771DC7213A0037CA11 /* NSAttributedString+YYText.m in Sources */ = {isa = PBXBuildFile; fileRef = 989117551DC7213A0037CA11 /* NSAttributedString+YYText.m */; };
		989117781DC7213A0037CA11 /* NSParagraphStyle+YYText.m in Sources */ = {isa = PBXBuildFile; fileRef = 989117571DC7213A0037CA11 /* NSParagraphStyle+YYText.m */; };
		989117791DC7213A0037CA11 /* UIPasteboard+YYText.m in Sources */ = {isa = PBXBuildFile; fileRef = 989117591DC7213A0037CA11 /* UIPasteboard+YYText.m */; };
		9891177A1DC7213A0037CA11 /* UIView+YYText.m in Sources */ = {isa = PBXBuildFile; fileRef = 9891175B1DC7213A0037CA11 /* UIView+YYText.m */; };
		9891177B1DC7213A0037CA11 /* YYTextAsyncLayer.m in Sources */ = {isa = PBXBuildFile; fileRef = 9891175D1DC7213A0037CA11 /* YYTextAsyncLayer.m */; };
		9891177C1DC7213A0037CA11 /* YYTextTransaction.m in Sources */ = {isa = PBXBuildFile; fileRef = 9891175F1DC7213A0037CA11 /* YYTextTransaction.m */; };
		9891177D1DC7213A0037CA11 /* YYTextUtilities.m in Sources */ = {isa = PBXBuildFile; fileRef = 989117611DC7213A0037CA11 /* YYTextUtilities.m */; };
		9891177E1DC7213A0037CA11 /* YYTextWeakProxy.m in Sources */ = {isa = PBXBuildFile; fileRef = 989117631DC7213A0037CA11 /* YYTextWeakProxy.m */; };
		9891177F1DC7213A0037CA11 /* YYLabel.m in Sources */ = {isa = PBXBuildFile; fileRef = 989117651DC7213A0037CA11 /* YYLabel.m */; };
		989117801DC7213A0037CA11 /* YYTextView.m in Sources */ = {isa = PBXBuildFile; fileRef = 989117681DC7213A0037CA11 /* YYTextView.m */; };
/* End PBXBuildFile section */

/* Begin PBXContainerItemProxy section */
		986ADE731DC19A8A00098F2A /* PBXContainerItemProxy */ = {
			isa = PBXContainerItemProxy;
			containerPortal = 986ADE511DC19A8A00098F2A /* Project object */;
			proxyType = 1;
			remoteGlobalIDString = 986ADE581DC19A8A00098F2A;
			remoteInfo = TestProject;
		};
		986ADE7E1DC19A8A00098F2A /* PBXContainerItemProxy */ = {
			isa = PBXContainerItemProxy;
			containerPortal = 986ADE511DC19A8A00098F2A /* Project object */;
			proxyType = 1;
			remoteGlobalIDString = 986ADE581DC19A8A00098F2A;
			remoteInfo = TestProject;
		};
/* End PBXContainerItemProxy section */

/* Begin PBXFileReference section */
		983CC9CA1DC9E05B00EF2734 /* ZZMacro.h */ = {isa = PBXFileReference; lastKnownFileType = sourcecode.c.h; path = ZZMacro.h; sourceTree = "<group>"; };
		986ADE591DC19A8A00098F2A /* TestProject.app */ = {isa = PBXFileReference; explicitFileType = wrapper.application; includeInIndex = 0; path = TestProject.app; sourceTree = BUILT_PRODUCTS_DIR; };
		986ADE5D1DC19A8A00098F2A /* main.m */ = {isa = PBXFileReference; lastKnownFileType = sourcecode.c.objc; path = main.m; sourceTree = "<group>"; };
		986ADE5F1DC19A8A00098F2A /* AppDelegate.h */ = {isa = PBXFileReference; lastKnownFileType = sourcecode.c.h; path = AppDelegate.h; sourceTree = "<group>"; };
		986ADE601DC19A8A00098F2A /* AppDelegate.m */ = {isa = PBXFileReference; lastKnownFileType = sourcecode.c.objc; path = AppDelegate.m; sourceTree = "<group>"; };
		986ADE621DC19A8A00098F2A /* ViewController.h */ = {isa = PBXFileReference; lastKnownFileType = sourcecode.c.h; path = ViewController.h; sourceTree = "<group>"; };
		986ADE631DC19A8A00098F2A /* ViewController.m */ = {isa = PBXFileReference; lastKnownFileType = sourcecode.c.objc; path = ViewController.m; sourceTree = "<group>"; };
		986ADE661DC19A8A00098F2A /* Base */ = {isa = PBXFileReference; lastKnownFileType = file.storyboard; name = Base; path = Base.lproj/Main.storyboard; sourceTree = "<group>"; };
		986ADE681DC19A8A00098F2A /* Assets.xcassets */ = {isa = PBXFileReference; lastKnownFileType = folder.assetcatalog; path = Assets.xcassets; sourceTree = "<group>"; };
		986ADE6B1DC19A8A00098F2A /* Base */ = {isa = PBXFileReference; lastKnownFileType = file.storyboard; name = Base; path = Base.lproj/LaunchScreen.storyboard; sourceTree = "<group>"; };
		986ADE6D1DC19A8A00098F2A /* Info.plist */ = {isa = PBXFileReference; lastKnownFileType = text.plist.xml; path = Info.plist; sourceTree = "<group>"; };
		986ADE721DC19A8A00098F2A /* TestProjectTests.xctest */ = {isa = PBXFileReference; explicitFileType = wrapper.cfbundle; includeInIndex = 0; path = TestProjectTests.xctest; sourceTree = BUILT_PRODUCTS_DIR; };
		986ADE761DC19A8A00098F2A /* TestProjectTests.m */ = {isa = PBXFileReference; lastKnownFileType = sourcecode.c.objc; path = TestProjectTests.m; sourceTree = "<group>"; };
		986ADE781DC19A8A00098F2A /* Info.plist */ = {isa = PBXFileReference; lastKnownFileType = text.plist.xml; path = Info.plist; sourceTree = "<group>"; };
		986ADE7D1DC19A8A00098F2A /* TestProjectUITests.xctest */ = {isa = PBXFileReference; explicitFileType = wrapper.cfbundle; includeInIndex = 0; path = TestProjectUITests.xctest; sourceTree = BUILT_PRODUCTS_DIR; };
		986ADE811DC19A8A00098F2A /* TestProjectUITests.m */ = {isa = PBXFileReference; lastKnownFileType = sourcecode.c.objc; path = TestProjectUITests.m; sourceTree = "<group>"; };
		986ADE831DC19A8A00098F2A /* Info.plist */ = {isa = PBXFileReference; lastKnownFileType = text.plist.xml; path = Info.plist; sourceTree = "<group>"; };
		986ADE8F1DC19BB200098F2A /* TestProject.pch */ = {isa = PBXFileReference; lastKnownFileType = sourcecode.c.h; path = TestProject.pch; sourceTree = "<group>"; };
		986ADE921DC19E7200098F2A /* zh-Hans */ = {isa = PBXFileReference; lastKnownFileType = text.plist.strings; name = "zh-Hans"; path = "zh-Hans.lproj/Main.strings"; sourceTree = "<group>"; };
		986ADE931DC19E7200098F2A /* zh-Hans */ = {isa = PBXFileReference; lastKnownFileType = text.plist.strings; name = "zh-Hans"; path = "zh-Hans.lproj/LaunchScreen.strings"; sourceTree = "<group>"; };
		986ADE971DC1A01F00098F2A /* en */ = {isa = PBXFileReference; lastKnownFileType = text.plist.strings; name = en; path = en.lproj/InfoPlist.strings; sourceTree = "<group>"; };
		986ADE991DC1A04100098F2A /* zh-Hans */ = {isa = PBXFileReference; lastKnownFileType = text.plist.strings; name = "zh-Hans"; path = "zh-Hans.lproj/InfoPlist.strings"; sourceTree = "<group>"; };
		986ADE9D1DC1A21500098F2A /* en */ = {isa = PBXFileReference; lastKnownFileType = text.plist.strings; name = en; path = en.lproj/Localizable.strings; sourceTree = "<group>"; };
		986ADE9F1DC1A21700098F2A /* zh-Hans */ = {isa = PBXFileReference; lastKnownFileType = text.plist.strings; name = "zh-Hans"; path = "zh-Hans.lproj/Localizable.strings"; sourceTree = "<group>"; };
		986ADEA41DC1A62B00098F2A /* UIView+ZZAdd.h */ = {isa = PBXFileReference; fileEncoding = 4; lastKnownFileType = sourcecode.c.h; path = "UIView+ZZAdd.h"; sourceTree = "<group>"; };
		986ADEA51DC1A62B00098F2A /* UIView+ZZAdd.m */ = {isa = PBXFileReference; fileEncoding = 4; lastKnownFileType = sourcecode.c.objc; path = "UIView+ZZAdd.m"; sourceTree = "<group>"; };
		986ADEE61DC1D1F100098F2A /* YTKBaseRequest.h */ = {isa = PBXFileReference; fileEncoding = 4; lastKnownFileType = sourcecode.c.h; path = YTKBaseRequest.h; sourceTree = "<group>"; };
		986ADEE71DC1D1F100098F2A /* YTKBaseRequest.m */ = {isa = PBXFileReference; fileEncoding = 4; lastKnownFileType = sourcecode.c.objc; path = YTKBaseRequest.m; sourceTree = "<group>"; };
		986ADEE81DC1D1F100098F2A /* YTKBatchRequest.h */ = {isa = PBXFileReference; fileEncoding = 4; lastKnownFileType = sourcecode.c.h; path = YTKBatchRequest.h; sourceTree = "<group>"; };
		986ADEE91DC1D1F100098F2A /* YTKBatchRequest.m */ = {isa = PBXFileReference; fileEncoding = 4; lastKnownFileType = sourcecode.c.objc; path = YTKBatchRequest.m; sourceTree = "<group>"; };
		986ADEEA1DC1D1F100098F2A /* YTKBatchRequestAgent.h */ = {isa = PBXFileReference; fileEncoding = 4; lastKnownFileType = sourcecode.c.h; path = YTKBatchRequestAgent.h; sourceTree = "<group>"; };
		986ADEEB1DC1D1F100098F2A /* YTKBatchRequestAgent.m */ = {isa = PBXFileReference; fileEncoding = 4; lastKnownFileType = sourcecode.c.objc; path = YTKBatchRequestAgent.m; sourceTree = "<group>"; };
		986ADEEC1DC1D1F100098F2A /* YTKChainRequest.h */ = {isa = PBXFileReference; fileEncoding = 4; lastKnownFileType = sourcecode.c.h; path = YTKChainRequest.h; sourceTree = "<group>"; };
		986ADEED1DC1D1F100098F2A /* YTKChainRequest.m */ = {isa = PBXFileReference; fileEncoding = 4; lastKnownFileType = sourcecode.c.objc; path = YTKChainRequest.m; sourceTree = "<group>"; };
		986ADEEE1DC1D1F100098F2A /* YTKChainRequestAgent.h */ = {isa = PBXFileReference; fileEncoding = 4; lastKnownFileType = sourcecode.c.h; path = YTKChainRequestAgent.h; sourceTree = "<group>"; };
		986ADEEF1DC1D1F100098F2A /* YTKChainRequestAgent.m */ = {isa = PBXFileReference; fileEncoding = 4; lastKnownFileType = sourcecode.c.objc; path = YTKChainRequestAgent.m; sourceTree = "<group>"; };
		986ADEF01DC1D1F100098F2A /* YTKNetwork.h */ = {isa = PBXFileReference; fileEncoding = 4; lastKnownFileType = sourcecode.c.h; path = YTKNetwork.h; sourceTree = "<group>"; };
		986ADEF11DC1D1F100098F2A /* YTKNetworkAgent.h */ = {isa = PBXFileReference; fileEncoding = 4; lastKnownFileType = sourcecode.c.h; path = YTKNetworkAgent.h; sourceTree = "<group>"; };
		986ADEF21DC1D1F100098F2A /* YTKNetworkAgent.m */ = {isa = PBXFileReference; fileEncoding = 4; lastKnownFileType = sourcecode.c.objc; path = YTKNetworkAgent.m; sourceTree = "<group>"; };
		986ADEF31DC1D1F100098F2A /* YTKNetworkConfig.h */ = {isa = PBXFileReference; fileEncoding = 4; lastKnownFileType = sourcecode.c.h; path = YTKNetworkConfig.h; sourceTree = "<group>"; };
		986ADEF41DC1D1F100098F2A /* YTKNetworkConfig.m */ = {isa = PBXFileReference; fileEncoding = 4; lastKnownFileType = sourcecode.c.objc; path = YTKNetworkConfig.m; sourceTree = "<group>"; };
		986ADEF51DC1D1F100098F2A /* YTKNetworkPrivate.h */ = {isa = PBXFileReference; fileEncoding = 4; lastKnownFileType = sourcecode.c.h; path = YTKNetworkPrivate.h; sourceTree = "<group>"; };
		986ADEF61DC1D1F100098F2A /* YTKNetworkPrivate.m */ = {isa = PBXFileReference; fileEncoding = 4; lastKnownFileType = sourcecode.c.objc; path = YTKNetworkPrivate.m; sourceTree = "<group>"; };
		986ADEF71DC1D1F100098F2A /* YTKRequest.h */ = {isa = PBXFileReference; fileEncoding = 4; lastKnownFileType = sourcecode.c.h; path = YTKRequest.h; sourceTree = "<group>"; };
		986ADEF81DC1D1F100098F2A /* YTKRequest.m */ = {isa = PBXFileReference; fileEncoding = 4; lastKnownFileType = sourcecode.c.objc; path = YTKRequest.m; sourceTree = "<group>"; };
		986ADF031DC1D9AF00098F2A /* AFHTTPSessionManager.h */ = {isa = PBXFileReference; fileEncoding = 4; lastKnownFileType = sourcecode.c.h; path = AFHTTPSessionManager.h; sourceTree = "<group>"; };
		986ADF041DC1D9AF00098F2A /* AFHTTPSessionManager.m */ = {isa = PBXFileReference; fileEncoding = 4; lastKnownFileType = sourcecode.c.objc; path = AFHTTPSessionManager.m; sourceTree = "<group>"; };
		986ADF051DC1D9AF00098F2A /* AFNetworking.h */ = {isa = PBXFileReference; fileEncoding = 4; lastKnownFileType = sourcecode.c.h; path = AFNetworking.h; sourceTree = "<group>"; };
		986ADF061DC1D9AF00098F2A /* AFNetworkReachabilityManager.h */ = {isa = PBXFileReference; fileEncoding = 4; lastKnownFileType = sourcecode.c.h; path = AFNetworkReachabilityManager.h; sourceTree = "<group>"; };
		986ADF071DC1D9AF00098F2A /* AFNetworkReachabilityManager.m */ = {isa = PBXFileReference; fileEncoding = 4; lastKnownFileType = sourcecode.c.objc; path = AFNetworkReachabilityManager.m; sourceTree = "<group>"; };
		986ADF081DC1D9AF00098F2A /* AFSecurityPolicy.h */ = {isa = PBXFileReference; fileEncoding = 4; lastKnownFileType = sourcecode.c.h; path = AFSecurityPolicy.h; sourceTree = "<group>"; };
		986ADF091DC1D9AF00098F2A /* AFSecurityPolicy.m */ = {isa = PBXFileReference; fileEncoding = 4; lastKnownFileType = sourcecode.c.objc; path = AFSecurityPolicy.m; sourceTree = "<group>"; };
		986ADF0A1DC1D9AF00098F2A /* AFURLRequestSerialization.h */ = {isa = PBXFileReference; fileEncoding = 4; lastKnownFileType = sourcecode.c.h; path = AFURLRequestSerialization.h; sourceTree = "<group>"; };
		986ADF0B1DC1D9AF00098F2A /* AFURLRequestSerialization.m */ = {isa = PBXFileReference; fileEncoding = 4; lastKnownFileType = sourcecode.c.objc; path = AFURLRequestSerialization.m; sourceTree = "<group>"; };
		986ADF0C1DC1D9AF00098F2A /* AFURLResponseSerialization.h */ = {isa = PBXFileReference; fileEncoding = 4; lastKnownFileType = sourcecode.c.h; path = AFURLResponseSerialization.h; sourceTree = "<group>"; };
		986ADF0D1DC1D9AF00098F2A /* AFURLResponseSerialization.m */ = {isa = PBXFileReference; fileEncoding = 4; lastKnownFileType = sourcecode.c.objc; path = AFURLResponseSerialization.m; sourceTree = "<group>"; };
		986ADF0E1DC1D9AF00098F2A /* AFURLSessionManager.h */ = {isa = PBXFileReference; fileEncoding = 4; lastKnownFileType = sourcecode.c.h; path = AFURLSessionManager.h; sourceTree = "<group>"; };
		986ADF0F1DC1D9AF00098F2A /* AFURLSessionManager.m */ = {isa = PBXFileReference; fileEncoding = 4; lastKnownFileType = sourcecode.c.objc; path = AFURLSessionManager.m; sourceTree = "<group>"; };
		986ADF171DC1DA8B00098F2A /* ZZYTKNetClient.h */ = {isa = PBXFileReference; fileEncoding = 4; lastKnownFileType = sourcecode.c.h; path = ZZYTKNetClient.h; sourceTree = "<group>"; };
		986ADF181DC1DA8B00098F2A /* ZZYTKNetClient.m */ = {isa = PBXFileReference; fileEncoding = 4; lastKnownFileType = sourcecode.c.objc; path = ZZYTKNetClient.m; sourceTree = "<group>"; };
		986ADF1A1DC1DED600098F2A /* ZZYTKRequest.h */ = {isa = PBXFileReference; fileEncoding = 4; lastKnownFileType = sourcecode.c.h; path = ZZYTKRequest.h; sourceTree = "<group>"; };
		986ADF1B1DC1DED600098F2A /* ZZYTKRequest.m */ = {isa = PBXFileReference; fileEncoding = 4; lastKnownFileType = sourcecode.c.objc; path = ZZYTKRequest.m; sourceTree = "<group>"; };
		986ADF2A1DC1F9DE00098F2A /* ZZAFNetworkClient.h */ = {isa = PBXFileReference; fileEncoding = 4; lastKnownFileType = sourcecode.c.h; path = ZZAFNetworkClient.h; sourceTree = "<group>"; };
		986ADF2B1DC1F9DE00098F2A /* ZZAFNetworkClient.m */ = {isa = PBXFileReference; fileEncoding = 4; lastKnownFileType = sourcecode.c.objc; path = ZZAFNetworkClient.m; sourceTree = "<group>"; };
		9887072E1DCAE722000839BE /* MKAnnotationView+WebCache.h */ = {isa = PBXFileReference; fileEncoding = 4; lastKnownFileType = sourcecode.c.h; path = "MKAnnotationView+WebCache.h"; sourceTree = "<group>"; };
		9887072F1DCAE722000839BE /* MKAnnotationView+WebCache.m */ = {isa = PBXFileReference; fileEncoding = 4; lastKnownFileType = sourcecode.c.objc; path = "MKAnnotationView+WebCache.m"; sourceTree = "<group>"; };
		988707301DCAE722000839BE /* NSData+ImageContentType.h */ = {isa = PBXFileReference; fileEncoding = 4; lastKnownFileType = sourcecode.c.h; path = "NSData+ImageContentType.h"; sourceTree = "<group>"; };
		988707311DCAE722000839BE /* NSData+ImageContentType.m */ = {isa = PBXFileReference; fileEncoding = 4; lastKnownFileType = sourcecode.c.objc; path = "NSData+ImageContentType.m"; sourceTree = "<group>"; };
		988707321DCAE722000839BE /* NSImage+WebCache.h */ = {isa = PBXFileReference; fileEncoding = 4; lastKnownFileType = sourcecode.c.h; path = "NSImage+WebCache.h"; sourceTree = "<group>"; };
		988707331DCAE722000839BE /* NSImage+WebCache.m */ = {isa = PBXFileReference; fileEncoding = 4; lastKnownFileType = sourcecode.c.objc; path = "NSImage+WebCache.m"; sourceTree = "<group>"; };
		988707341DCAE722000839BE /* SDImageCache.h */ = {isa = PBXFileReference; fileEncoding = 4; lastKnownFileType = sourcecode.c.h; path = SDImageCache.h; sourceTree = "<group>"; };
		988707351DCAE722000839BE /* SDImageCache.m */ = {isa = PBXFileReference; fileEncoding = 4; lastKnownFileType = sourcecode.c.objc; path = SDImageCache.m; sourceTree = "<group>"; };
		988707361DCAE722000839BE /* SDImageCacheConfig.h */ = {isa = PBXFileReference; fileEncoding = 4; lastKnownFileType = sourcecode.c.h; path = SDImageCacheConfig.h; sourceTree = "<group>"; };
		988707371DCAE722000839BE /* SDImageCacheConfig.m */ = {isa = PBXFileReference; fileEncoding = 4; lastKnownFileType = sourcecode.c.objc; path = SDImageCacheConfig.m; sourceTree = "<group>"; };
		988707381DCAE722000839BE /* SDWebImageCompat.h */ = {isa = PBXFileReference; fileEncoding = 4; lastKnownFileType = sourcecode.c.h; path = SDWebImageCompat.h; sourceTree = "<group>"; };
		988707391DCAE722000839BE /* SDWebImageCompat.m */ = {isa = PBXFileReference; fileEncoding = 4; lastKnownFileType = sourcecode.c.objc; path = SDWebImageCompat.m; sourceTree = "<group>"; };
		9887073A1DCAE722000839BE /* SDWebImageDecoder.h */ = {isa = PBXFileReference; fileEncoding = 4; lastKnownFileType = sourcecode.c.h; path = SDWebImageDecoder.h; sourceTree = "<group>"; };
		9887073B1DCAE722000839BE /* SDWebImageDecoder.m */ = {isa = PBXFileReference; fileEncoding = 4; lastKnownFileType = sourcecode.c.objc; path = SDWebImageDecoder.m; sourceTree = "<group>"; };
		9887073C1DCAE722000839BE /* SDWebImageDownloader.h */ = {isa = PBXFileReference; fileEncoding = 4; lastKnownFileType = sourcecode.c.h; path = SDWebImageDownloader.h; sourceTree = "<group>"; };
		9887073D1DCAE722000839BE /* SDWebImageDownloader.m */ = {isa = PBXFileReference; fileEncoding = 4; lastKnownFileType = sourcecode.c.objc; path = SDWebImageDownloader.m; sourceTree = "<group>"; };
		9887073E1DCAE722000839BE /* SDWebImageDownloaderOperation.h */ = {isa = PBXFileReference; fileEncoding = 4; lastKnownFileType = sourcecode.c.h; path = SDWebImageDownloaderOperation.h; sourceTree = "<group>"; };
		9887073F1DCAE722000839BE /* SDWebImageDownloaderOperation.m */ = {isa = PBXFileReference; fileEncoding = 4; lastKnownFileType = sourcecode.c.objc; path = SDWebImageDownloaderOperation.m; sourceTree = "<group>"; };
		988707401DCAE722000839BE /* SDWebImageManager.h */ = {isa = PBXFileReference; fileEncoding = 4; lastKnownFileType = sourcecode.c.h; path = SDWebImageManager.h; sourceTree = "<group>"; };
		988707411DCAE722000839BE /* SDWebImageManager.m */ = {isa = PBXFileReference; fileEncoding = 4; lastKnownFileType = sourcecode.c.objc; path = SDWebImageManager.m; sourceTree = "<group>"; };
		988707421DCAE722000839BE /* SDWebImageOperation.h */ = {isa = PBXFileReference; fileEncoding = 4; lastKnownFileType = sourcecode.c.h; path = SDWebImageOperation.h; sourceTree = "<group>"; };
		988707431DCAE722000839BE /* SDWebImagePrefetcher.h */ = {isa = PBXFileReference; fileEncoding = 4; lastKnownFileType = sourcecode.c.h; path = SDWebImagePrefetcher.h; sourceTree = "<group>"; };
		988707441DCAE722000839BE /* SDWebImagePrefetcher.m */ = {isa = PBXFileReference; fileEncoding = 4; lastKnownFileType = sourcecode.c.objc; path = SDWebImagePrefetcher.m; sourceTree = "<group>"; };
		988707451DCAE722000839BE /* UIButton+WebCache.h */ = {isa = PBXFileReference; fileEncoding = 4; lastKnownFileType = sourcecode.c.h; path = "UIButton+WebCache.h"; sourceTree = "<group>"; };
		988707461DCAE722000839BE /* UIButton+WebCache.m */ = {isa = PBXFileReference; fileEncoding = 4; lastKnownFileType = sourcecode.c.objc; path = "UIButton+WebCache.m"; sourceTree = "<group>"; };
		988707471DCAE722000839BE /* UIImage+GIF.h */ = {isa = PBXFileReference; fileEncoding = 4; lastKnownFileType = sourcecode.c.h; path = "UIImage+GIF.h"; sourceTree = "<group>"; };
		988707481DCAE722000839BE /* UIImage+GIF.m */ = {isa = PBXFileReference; fileEncoding = 4; lastKnownFileType = sourcecode.c.objc; path = "UIImage+GIF.m"; sourceTree = "<group>"; };
		988707491DCAE722000839BE /* UIImage+MultiFormat.h */ = {isa = PBXFileReference; fileEncoding = 4; lastKnownFileType = sourcecode.c.h; path = "UIImage+MultiFormat.h"; sourceTree = "<group>"; };
		9887074A1DCAE722000839BE /* UIImage+MultiFormat.m */ = {isa = PBXFileReference; fileEncoding = 4; lastKnownFileType = sourcecode.c.objc; path = "UIImage+MultiFormat.m"; sourceTree = "<group>"; };
		9887074B1DCAE722000839BE /* UIImage+WebP.h */ = {isa = PBXFileReference; fileEncoding = 4; lastKnownFileType = sourcecode.c.h; path = "UIImage+WebP.h"; sourceTree = "<group>"; };
		9887074C1DCAE722000839BE /* UIImage+WebP.m */ = {isa = PBXFileReference; fileEncoding = 4; lastKnownFileType = sourcecode.c.objc; path = "UIImage+WebP.m"; sourceTree = "<group>"; };
		9887074D1DCAE722000839BE /* UIImageView+HighlightedWebCache.h */ = {isa = PBXFileReference; fileEncoding = 4; lastKnownFileType = sourcecode.c.h; path = "UIImageView+HighlightedWebCache.h"; sourceTree = "<group>"; };
		9887074E1DCAE722000839BE /* UIImageView+HighlightedWebCache.m */ = {isa = PBXFileReference; fileEncoding = 4; lastKnownFileType = sourcecode.c.objc; path = "UIImageView+HighlightedWebCache.m"; sourceTree = "<group>"; };
		9887074F1DCAE722000839BE /* UIImageView+WebCache.h */ = {isa = PBXFileReference; fileEncoding = 4; lastKnownFileType = sourcecode.c.h; path = "UIImageView+WebCache.h"; sourceTree = "<group>"; };
		988707501DCAE722000839BE /* UIImageView+WebCache.m */ = {isa = PBXFileReference; fileEncoding = 4; lastKnownFileType = sourcecode.c.objc; path = "UIImageView+WebCache.m"; sourceTree = "<group>"; };
		988707511DCAE722000839BE /* UIView+WebCache.h */ = {isa = PBXFileReference; fileEncoding = 4; lastKnownFileType = sourcecode.c.h; path = "UIView+WebCache.h"; sourceTree = "<group>"; };
		988707521DCAE722000839BE /* UIView+WebCache.m */ = {isa = PBXFileReference; fileEncoding = 4; lastKnownFileType = sourcecode.c.objc; path = "UIView+WebCache.m"; sourceTree = "<group>"; };
		988707531DCAE722000839BE /* UIView+WebCacheOperation.h */ = {isa = PBXFileReference; fileEncoding = 4; lastKnownFileType = sourcecode.c.h; path = "UIView+WebCacheOperation.h"; sourceTree = "<group>"; };
		988707541DCAE722000839BE /* UIView+WebCacheOperation.m */ = {isa = PBXFileReference; fileEncoding = 4; lastKnownFileType = sourcecode.c.objc; path = "UIView+WebCacheOperation.m"; sourceTree = "<group>"; };
		989117361DC721390037CA11 /* YYTextContainerView.h */ = {isa = PBXFileReference; fileEncoding = 4; lastKnownFileType = sourcecode.c.h; path = YYTextContainerView.h; sourceTree = "<group>"; };
		989117371DC721390037CA11 /* YYTextContainerView.m */ = {isa = PBXFileReference; fileEncoding = 4; lastKnownFileType = sourcecode.c.objc; path = YYTextContainerView.m; sourceTree = "<group>"; };
		989117381DC721390037CA11 /* YYTextDebugOption.h */ = {isa = PBXFileReference; fileEncoding = 4; lastKnownFileType = sourcecode.c.h; path = YYTextDebugOption.h; sourceTree = "<group>"; };
		989117391DC721390037CA11 /* YYTextDebugOption.m */ = {isa = PBXFileReference; fileEncoding = 4; lastKnownFileType = sourcecode.c.objc; path = YYTextDebugOption.m; sourceTree = "<group>"; };
		9891173A1DC721390037CA11 /* YYTextEffectWindow.h */ = {isa = PBXFileReference; fileEncoding = 4; lastKnownFileType = sourcecode.c.h; path = YYTextEffectWindow.h; sourceTree = "<group>"; };
		9891173B1DC721390037CA11 /* YYTextEffectWindow.m */ = {isa = PBXFileReference; fileEncoding = 4; lastKnownFileType = sourcecode.c.objc; path = YYTextEffectWindow.m; sourceTree = "<group>"; };
		9891173C1DC721390037CA11 /* YYTextInput.h */ = {isa = PBXFileReference; fileEncoding = 4; lastKnownFileType = sourcecode.c.h; path = YYTextInput.h; sourceTree = "<group>"; };
		9891173D1DC721390037CA11 /* YYTextInput.m */ = {isa = PBXFileReference; fileEncoding = 4; lastKnownFileType = sourcecode.c.objc; path = YYTextInput.m; sourceTree = "<group>"; };
		9891173E1DC721390037CA11 /* YYTextKeyboardManager.h */ = {isa = PBXFileReference; fileEncoding = 4; lastKnownFileType = sourcecode.c.h; path = YYTextKeyboardManager.h; sourceTree = "<group>"; };
		9891173F1DC721390037CA11 /* YYTextKeyboardManager.m */ = {isa = PBXFileReference; fileEncoding = 4; lastKnownFileType = sourcecode.c.objc; path = YYTextKeyboardManager.m; sourceTree = "<group>"; };
		989117401DC721390037CA11 /* YYTextLayout.h */ = {isa = PBXFileReference; fileEncoding = 4; lastKnownFileType = sourcecode.c.h; path = YYTextLayout.h; sourceTree = "<group>"; };
		989117411DC721390037CA11 /* YYTextLayout.m */ = {isa = PBXFileReference; fileEncoding = 4; lastKnownFileType = sourcecode.c.objc; path = YYTextLayout.m; sourceTree = "<group>"; };
		989117421DC721390037CA11 /* YYTextLine.h */ = {isa = PBXFileReference; fileEncoding = 4; lastKnownFileType = sourcecode.c.h; path = YYTextLine.h; sourceTree = "<group>"; };
		989117431DC721390037CA11 /* YYTextLine.m */ = {isa = PBXFileReference; fileEncoding = 4; lastKnownFileType = sourcecode.c.objc; path = YYTextLine.m; sourceTree = "<group>"; };
		989117441DC721390037CA11 /* YYTextMagnifier.h */ = {isa = PBXFileReference; fileEncoding = 4; lastKnownFileType = sourcecode.c.h; path = YYTextMagnifier.h; sourceTree = "<group>"; };
		989117451DC721390037CA11 /* YYTextMagnifier.m */ = {isa = PBXFileReference; fileEncoding = 4; lastKnownFileType = sourcecode.c.objc; path = YYTextMagnifier.m; sourceTree = "<group>"; };
		989117461DC7213A0037CA11 /* YYTextSelectionView.h */ = {isa = PBXFileReference; fileEncoding = 4; lastKnownFileType = sourcecode.c.h; path = YYTextSelectionView.h; sourceTree = "<group>"; };
		989117471DC7213A0037CA11 /* YYTextSelectionView.m */ = {isa = PBXFileReference; fileEncoding = 4; lastKnownFileType = sourcecode.c.objc; path = YYTextSelectionView.m; sourceTree = "<group>"; };
		989117491DC7213A0037CA11 /* YYTextArchiver.h */ = {isa = PBXFileReference; fileEncoding = 4; lastKnownFileType = sourcecode.c.h; path = YYTextArchiver.h; sourceTree = "<group>"; };
		9891174A1DC7213A0037CA11 /* YYTextArchiver.m */ = {isa = PBXFileReference; fileEncoding = 4; lastKnownFileType = sourcecode.c.objc; path = YYTextArchiver.m; sourceTree = "<group>"; };
		9891174B1DC7213A0037CA11 /* YYTextAttribute.h */ = {isa = PBXFileReference; fileEncoding = 4; lastKnownFileType = sourcecode.c.h; path = YYTextAttribute.h; sourceTree = "<group>"; };
		9891174C1DC7213A0037CA11 /* YYTextAttribute.m */ = {isa = PBXFileReference; fileEncoding = 4; lastKnownFileType = sourcecode.c.objc; path = YYTextAttribute.m; sourceTree = "<group>"; };
		9891174D1DC7213A0037CA11 /* YYTextParser.h */ = {isa = PBXFileReference; fileEncoding = 4; lastKnownFileType = sourcecode.c.h; path = YYTextParser.h; sourceTree = "<group>"; };
		9891174E1DC7213A0037CA11 /* YYTextParser.m */ = {isa = PBXFileReference; fileEncoding = 4; lastKnownFileType = sourcecode.c.objc; path = YYTextParser.m; sourceTree = "<group>"; };
		9891174F1DC7213A0037CA11 /* YYTextRubyAnnotation.h */ = {isa = PBXFileReference; fileEncoding = 4; lastKnownFileType = sourcecode.c.h; path = YYTextRubyAnnotation.h; sourceTree = "<group>"; };
		989117501DC7213A0037CA11 /* YYTextRubyAnnotation.m */ = {isa = PBXFileReference; fileEncoding = 4; lastKnownFileType = sourcecode.c.objc; path = YYTextRubyAnnotation.m; sourceTree = "<group>"; };
		989117511DC7213A0037CA11 /* YYTextRunDelegate.h */ = {isa = PBXFileReference; fileEncoding = 4; lastKnownFileType = sourcecode.c.h; path = YYTextRunDelegate.h; sourceTree = "<group>"; };
		989117521DC7213A0037CA11 /* YYTextRunDelegate.m */ = {isa = PBXFileReference; fileEncoding = 4; lastKnownFileType = sourcecode.c.objc; path = YYTextRunDelegate.m; sourceTree = "<group>"; };
		989117541DC7213A0037CA11 /* NSAttributedString+YYText.h */ = {isa = PBXFileReference; fileEncoding = 4; lastKnownFileType = sourcecode.c.h; path = "NSAttributedString+YYText.h"; sourceTree = "<group>"; };
		989117551DC7213A0037CA11 /* NSAttributedString+YYText.m */ = {isa = PBXFileReference; fileEncoding = 4; lastKnownFileType = sourcecode.c.objc; path = "NSAttributedString+YYText.m"; sourceTree = "<group>"; };
		989117561DC7213A0037CA11 /* NSParagraphStyle+YYText.h */ = {isa = PBXFileReference; fileEncoding = 4; lastKnownFileType = sourcecode.c.h; path = "NSParagraphStyle+YYText.h"; sourceTree = "<group>"; };
		989117571DC7213A0037CA11 /* NSParagraphStyle+YYText.m */ = {isa = PBXFileReference; fileEncoding = 4; lastKnownFileType = sourcecode.c.objc; path = "NSParagraphStyle+YYText.m"; sourceTree = "<group>"; };
		989117581DC7213A0037CA11 /* UIPasteboard+YYText.h */ = {isa = PBXFileReference; fileEncoding = 4; lastKnownFileType = sourcecode.c.h; path = "UIPasteboard+YYText.h"; sourceTree = "<group>"; };
		989117591DC7213A0037CA11 /* UIPasteboard+YYText.m */ = {isa = PBXFileReference; fileEncoding = 4; lastKnownFileType = sourcecode.c.objc; path = "UIPasteboard+YYText.m"; sourceTree = "<group>"; };
		9891175A1DC7213A0037CA11 /* UIView+YYText.h */ = {isa = PBXFileReference; fileEncoding = 4; lastKnownFileType = sourcecode.c.h; path = "UIView+YYText.h"; sourceTree = "<group>"; };
		9891175B1DC7213A0037CA11 /* UIView+YYText.m */ = {isa = PBXFileReference; fileEncoding = 4; lastKnownFileType = sourcecode.c.objc; path = "UIView+YYText.m"; sourceTree = "<group>"; };
		9891175C1DC7213A0037CA11 /* YYTextAsyncLayer.h */ = {isa = PBXFileReference; fileEncoding = 4; lastKnownFileType = sourcecode.c.h; path = YYTextAsyncLayer.h; sourceTree = "<group>"; };
		9891175D1DC7213A0037CA11 /* YYTextAsyncLayer.m */ = {isa = PBXFileReference; fileEncoding = 4; lastKnownFileType = sourcecode.c.objc; path = YYTextAsyncLayer.m; sourceTree = "<group>"; };
		9891175E1DC7213A0037CA11 /* YYTextTransaction.h */ = {isa = PBXFileReference; fileEncoding = 4; lastKnownFileType = sourcecode.c.h; path = YYTextTransaction.h; sourceTree = "<group>"; };
		9891175F1DC7213A0037CA11 /* YYTextTransaction.m */ = {isa = PBXFileReference; fileEncoding = 4; lastKnownFileType = sourcecode.c.objc; path = YYTextTransaction.m; sourceTree = "<group>"; };
		989117601DC7213A0037CA11 /* YYTextUtilities.h */ = {isa = PBXFileReference; fileEncoding = 4; lastKnownFileType = sourcecode.c.h; path = YYTextUtilities.h; sourceTree = "<group>"; };
		989117611DC7213A0037CA11 /* YYTextUtilities.m */ = {isa = PBXFileReference; fileEncoding = 4; lastKnownFileType = sourcecode.c.objc; path = YYTextUtilities.m; sourceTree = "<group>"; };
		989117621DC7213A0037CA11 /* YYTextWeakProxy.h */ = {isa = PBXFileReference; fileEncoding = 4; lastKnownFileType = sourcecode.c.h; path = YYTextWeakProxy.h; sourceTree = "<group>"; };
		989117631DC7213A0037CA11 /* YYTextWeakProxy.m */ = {isa = PBXFileReference; fileEncoding = 4; lastKnownFileType = sourcecode.c.objc; path = YYTextWeakProxy.m; sourceTree = "<group>"; };
		989117641DC7213A0037CA11 /* YYLabel.h */ = {isa = PBXFileReference; fileEncoding = 4; lastKnownFileType = sourcecode.c.h; path = YYLabel.h; sourceTree = "<group>"; };
		989117651DC7213A0037CA11 /* YYLabel.m */ = {isa = PBXFileReference; fileEncoding = 4; lastKnownFileType = sourcecode.c.objc; path = YYLabel.m; sourceTree = "<group>"; };
		989117661DC7213A0037CA11 /* YYText.h */ = {isa = PBXFileReference; fileEncoding = 4; lastKnownFileType = sourcecode.c.h; path = YYText.h; sourceTree = "<group>"; };
		989117671DC7213A0037CA11 /* YYTextView.h */ = {isa = PBXFileReference; fileEncoding = 4; lastKnownFileType = sourcecode.c.h; path = YYTextView.h; sourceTree = "<group>"; };
		989117681DC7213A0037CA11 /* YYTextView.m */ = {isa = PBXFileReference; fileEncoding = 4; lastKnownFileType = sourcecode.c.objc; path = YYTextView.m; sourceTree = "<group>"; };
/* End PBXFileReference section */

/* Begin PBXFrameworksBuildPhase section */
		986ADE561DC19A8A00098F2A /* Frameworks */ = {
			isa = PBXFrameworksBuildPhase;
			buildActionMask = 2147483647;
			files = (
			);
			runOnlyForDeploymentPostprocessing = 0;
		};
		986ADE6F1DC19A8A00098F2A /* Frameworks */ = {
			isa = PBXFrameworksBuildPhase;
			buildActionMask = 2147483647;
			files = (
			);
			runOnlyForDeploymentPostprocessing = 0;
		};
		986ADE7A1DC19A8A00098F2A /* Frameworks */ = {
			isa = PBXFrameworksBuildPhase;
			buildActionMask = 2147483647;
			files = (
			);
			runOnlyForDeploymentPostprocessing = 0;
		};
/* End PBXFrameworksBuildPhase section */

/* Begin PBXGroup section */
		986ADE501DC19A8A00098F2A = {
			isa = PBXGroup;
			children = (
				986ADE5B1DC19A8A00098F2A /* TestProject */,
				986ADE751DC19A8A00098F2A /* TestProjectTests */,
				986ADE801DC19A8A00098F2A /* TestProjectUITests */,
				986ADE5A1DC19A8A00098F2A /* Products */,
			);
			sourceTree = "<group>";
		};
		986ADE5A1DC19A8A00098F2A /* Products */ = {
			isa = PBXGroup;
			children = (
				986ADE591DC19A8A00098F2A /* TestProject.app */,
				986ADE721DC19A8A00098F2A /* TestProjectTests.xctest */,
				986ADE7D1DC19A8A00098F2A /* TestProjectUITests.xctest */,
			);
			name = Products;
			sourceTree = "<group>";
		};
		986ADE5B1DC19A8A00098F2A /* TestProject */ = {
			isa = PBXGroup;
			children = (
				983CC9CA1DC9E05B00EF2734 /* ZZMacro.h */,
				986ADF161DC1DA3A00098F2A /* Networking */,
				986ADEAA1DC1B12400098F2A /* Vender */,
				986ADEA31DC1A61C00098F2A /* Category */,
				986ADE5F1DC19A8A00098F2A /* AppDelegate.h */,
				986ADE601DC19A8A00098F2A /* AppDelegate.m */,
				986ADE621DC19A8A00098F2A /* ViewController.h */,
				986ADE631DC19A8A00098F2A /* ViewController.m */,
				986ADE651DC19A8A00098F2A /* Main.storyboard */,
				986ADE681DC19A8A00098F2A /* Assets.xcassets */,
				986ADE6A1DC19A8A00098F2A /* LaunchScreen.storyboard */,
				986ADE6D1DC19A8A00098F2A /* Info.plist */,
				986ADE5C1DC19A8A00098F2A /* Supporting Files */,
			);
			path = TestProject;
			sourceTree = "<group>";
		};
		986ADE5C1DC19A8A00098F2A /* Supporting Files */ = {
			isa = PBXGroup;
			children = (
				986ADE8F1DC19BB200098F2A /* TestProject.pch */,
				986ADE5D1DC19A8A00098F2A /* main.m */,
				986ADE981DC1A01F00098F2A /* InfoPlist.strings */,
				986ADE9E1DC1A21500098F2A /* Localizable.strings */,
			);
			name = "Supporting Files";
			sourceTree = "<group>";
		};
		986ADE751DC19A8A00098F2A /* TestProjectTests */ = {
			isa = PBXGroup;
			children = (
				986ADE761DC19A8A00098F2A /* TestProjectTests.m */,
				986ADE781DC19A8A00098F2A /* Info.plist */,
			);
			path = TestProjectTests;
			sourceTree = "<group>";
		};
		986ADE801DC19A8A00098F2A /* TestProjectUITests */ = {
			isa = PBXGroup;
			children = (
				986ADE811DC19A8A00098F2A /* TestProjectUITests.m */,
				986ADE831DC19A8A00098F2A /* Info.plist */,
			);
			path = TestProjectUITests;
			sourceTree = "<group>";
		};
		986ADEA31DC1A61C00098F2A /* Category */ = {
			isa = PBXGroup;
			children = (
				986ADEA41DC1A62B00098F2A /* UIView+ZZAdd.h */,
				986ADEA51DC1A62B00098F2A /* UIView+ZZAdd.m */,
			);
			path = Category;
			sourceTree = "<group>";
		};
		986ADEAA1DC1B12400098F2A /* Vender */ = {
			isa = PBXGroup;
			children = (
				9887072A1DCAE722000839BE /* SDWebImage */,
				989117341DC721390037CA11 /* YYText */,
				986ADF021DC1D9AF00098F2A /* AFNetworking */,
				986ADEE51DC1D1F100098F2A /* YTKNetwork */,
			);
			path = Vender;
			sourceTree = "<group>";
		};
		986ADEE51DC1D1F100098F2A /* YTKNetwork */ = {
			isa = PBXGroup;
			children = (
				986ADEE61DC1D1F100098F2A /* YTKBaseRequest.h */,
				986ADEE71DC1D1F100098F2A /* YTKBaseRequest.m */,
				986ADEE81DC1D1F100098F2A /* YTKBatchRequest.h */,
				986ADEE91DC1D1F100098F2A /* YTKBatchRequest.m */,
				986ADEEA1DC1D1F100098F2A /* YTKBatchRequestAgent.h */,
				986ADEEB1DC1D1F100098F2A /* YTKBatchRequestAgent.m */,
				986ADEEC1DC1D1F100098F2A /* YTKChainRequest.h */,
				986ADEED1DC1D1F100098F2A /* YTKChainRequest.m */,
				986ADEEE1DC1D1F100098F2A /* YTKChainRequestAgent.h */,
				986ADEEF1DC1D1F100098F2A /* YTKChainRequestAgent.m */,
				986ADEF01DC1D1F100098F2A /* YTKNetwork.h */,
				986ADEF11DC1D1F100098F2A /* YTKNetworkAgent.h */,
				986ADEF21DC1D1F100098F2A /* YTKNetworkAgent.m */,
				986ADEF31DC1D1F100098F2A /* YTKNetworkConfig.h */,
				986ADEF41DC1D1F100098F2A /* YTKNetworkConfig.m */,
				986ADEF51DC1D1F100098F2A /* YTKNetworkPrivate.h */,
				986ADEF61DC1D1F100098F2A /* YTKNetworkPrivate.m */,
				986ADEF71DC1D1F100098F2A /* YTKRequest.h */,
				986ADEF81DC1D1F100098F2A /* YTKRequest.m */,
			);
			path = YTKNetwork;
			sourceTree = "<group>";
		};
		986ADF021DC1D9AF00098F2A /* AFNetworking */ = {
			isa = PBXGroup;
			children = (
				986ADF031DC1D9AF00098F2A /* AFHTTPSessionManager.h */,
				986ADF041DC1D9AF00098F2A /* AFHTTPSessionManager.m */,
				986ADF051DC1D9AF00098F2A /* AFNetworking.h */,
				986ADF061DC1D9AF00098F2A /* AFNetworkReachabilityManager.h */,
				986ADF071DC1D9AF00098F2A /* AFNetworkReachabilityManager.m */,
				986ADF081DC1D9AF00098F2A /* AFSecurityPolicy.h */,
				986ADF091DC1D9AF00098F2A /* AFSecurityPolicy.m */,
				986ADF0A1DC1D9AF00098F2A /* AFURLRequestSerialization.h */,
				986ADF0B1DC1D9AF00098F2A /* AFURLRequestSerialization.m */,
				986ADF0C1DC1D9AF00098F2A /* AFURLResponseSerialization.h */,
				986ADF0D1DC1D9AF00098F2A /* AFURLResponseSerialization.m */,
				986ADF0E1DC1D9AF00098F2A /* AFURLSessionManager.h */,
				986ADF0F1DC1D9AF00098F2A /* AFURLSessionManager.m */,
			);
			path = AFNetworking;
			sourceTree = "<group>";
		};
		986ADF161DC1DA3A00098F2A /* Networking */ = {
			isa = PBXGroup;
			children = (
				986ADF1A1DC1DED600098F2A /* ZZYTKRequest.h */,
				986ADF1B1DC1DED600098F2A /* ZZYTKRequest.m */,
				986ADF171DC1DA8B00098F2A /* ZZYTKNetClient.h */,
				986ADF181DC1DA8B00098F2A /* ZZYTKNetClient.m */,
				986ADF2A1DC1F9DE00098F2A /* ZZAFNetworkClient.h */,
				986ADF2B1DC1F9DE00098F2A /* ZZAFNetworkClient.m */,
			);
			path = Networking;
			sourceTree = "<group>";
		};
		9887072A1DCAE722000839BE /* SDWebImage */ = {
			isa = PBXGroup;
			children = (
				9887072E1DCAE722000839BE /* MKAnnotationView+WebCache.h */,
				9887072F1DCAE722000839BE /* MKAnnotationView+WebCache.m */,
				988707301DCAE722000839BE /* NSData+ImageContentType.h */,
				988707311DCAE722000839BE /* NSData+ImageContentType.m */,
				988707321DCAE722000839BE /* NSImage+WebCache.h */,
				988707331DCAE722000839BE /* NSImage+WebCache.m */,
				988707341DCAE722000839BE /* SDImageCache.h */,
				988707351DCAE722000839BE /* SDImageCache.m */,
				988707361DCAE722000839BE /* SDImageCacheConfig.h */,
				988707371DCAE722000839BE /* SDImageCacheConfig.m */,
				988707381DCAE722000839BE /* SDWebImageCompat.h */,
				988707391DCAE722000839BE /* SDWebImageCompat.m */,
				9887073A1DCAE722000839BE /* SDWebImageDecoder.h */,
				9887073B1DCAE722000839BE /* SDWebImageDecoder.m */,
				9887073C1DCAE722000839BE /* SDWebImageDownloader.h */,
				9887073D1DCAE722000839BE /* SDWebImageDownloader.m */,
				9887073E1DCAE722000839BE /* SDWebImageDownloaderOperation.h */,
				9887073F1DCAE722000839BE /* SDWebImageDownloaderOperation.m */,
				988707401DCAE722000839BE /* SDWebImageManager.h */,
				988707411DCAE722000839BE /* SDWebImageManager.m */,
				988707421DCAE722000839BE /* SDWebImageOperation.h */,
				988707431DCAE722000839BE /* SDWebImagePrefetcher.h */,
				988707441DCAE722000839BE /* SDWebImagePrefetcher.m */,
				988707451DCAE722000839BE /* UIButton+WebCache.h */,
				988707461DCAE722000839BE /* UIButton+WebCache.m */,
				988707471DCAE722000839BE /* UIImage+GIF.h */,
				988707481DCAE722000839BE /* UIImage+GIF.m */,
				988707491DCAE722000839BE /* UIImage+MultiFormat.h */,
				9887074A1DCAE722000839BE /* UIImage+MultiFormat.m */,
				9887074B1DCAE722000839BE /* UIImage+WebP.h */,
				9887074C1DCAE722000839BE /* UIImage+WebP.m */,
				9887074D1DCAE722000839BE /* UIImageView+HighlightedWebCache.h */,
				9887074E1DCAE722000839BE /* UIImageView+HighlightedWebCache.m */,
				9887074F1DCAE722000839BE /* UIImageView+WebCache.h */,
				988707501DCAE722000839BE /* UIImageView+WebCache.m */,
				988707511DCAE722000839BE /* UIView+WebCache.h */,
				988707521DCAE722000839BE /* UIView+WebCache.m */,
				988707531DCAE722000839BE /* UIView+WebCacheOperation.h */,
				988707541DCAE722000839BE /* UIView+WebCacheOperation.m */,
			);
			path = SDWebImage;
			sourceTree = "<group>";
		};
		989117341DC721390037CA11 /* YYText */ = {
			isa = PBXGroup;
			children = (
				989117351DC721390037CA11 /* Component */,
				989117481DC7213A0037CA11 /* String */,
				989117531DC7213A0037CA11 /* Utility */,
				989117641DC7213A0037CA11 /* YYLabel.h */,
				989117651DC7213A0037CA11 /* YYLabel.m */,
				989117661DC7213A0037CA11 /* YYText.h */,
				989117671DC7213A0037CA11 /* YYTextView.h */,
				989117681DC7213A0037CA11 /* YYTextView.m */,
			);
			path = YYText;
			sourceTree = "<group>";
		};
		989117351DC721390037CA11 /* Component */ = {
			isa = PBXGroup;
			children = (
				989117361DC721390037CA11 /* YYTextContainerView.h */,
				989117371DC721390037CA11 /* YYTextContainerView.m */,
				989117381DC721390037CA11 /* YYTextDebugOption.h */,
				989117391DC721390037CA11 /* YYTextDebugOption.m */,
				9891173A1DC721390037CA11 /* YYTextEffectWindow.h */,
				9891173B1DC721390037CA11 /* YYTextEffectWindow.m */,
				9891173C1DC721390037CA11 /* YYTextInput.h */,
				9891173D1DC721390037CA11 /* YYTextInput.m */,
				9891173E1DC721390037CA11 /* YYTextKeyboardManager.h */,
				9891173F1DC721390037CA11 /* YYTextKeyboardManager.m */,
				989117401DC721390037CA11 /* YYTextLayout.h */,
				989117411DC721390037CA11 /* YYTextLayout.m */,
				989117421DC721390037CA11 /* YYTextLine.h */,
				989117431DC721390037CA11 /* YYTextLine.m */,
				989117441DC721390037CA11 /* YYTextMagnifier.h */,
				989117451DC721390037CA11 /* YYTextMagnifier.m */,
				989117461DC7213A0037CA11 /* YYTextSelectionView.h */,
				989117471DC7213A0037CA11 /* YYTextSelectionView.m */,
			);
			path = Component;
			sourceTree = "<group>";
		};
		989117481DC7213A0037CA11 /* String */ = {
			isa = PBXGroup;
			children = (
				989117491DC7213A0037CA11 /* YYTextArchiver.h */,
				9891174A1DC7213A0037CA11 /* YYTextArchiver.m */,
				9891174B1DC7213A0037CA11 /* YYTextAttribute.h */,
				9891174C1DC7213A0037CA11 /* YYTextAttribute.m */,
				9891174D1DC7213A0037CA11 /* YYTextParser.h */,
				9891174E1DC7213A0037CA11 /* YYTextParser.m */,
				9891174F1DC7213A0037CA11 /* YYTextRubyAnnotation.h */,
				989117501DC7213A0037CA11 /* YYTextRubyAnnotation.m */,
				989117511DC7213A0037CA11 /* YYTextRunDelegate.h */,
				989117521DC7213A0037CA11 /* YYTextRunDelegate.m */,
			);
			path = String;
			sourceTree = "<group>";
		};
		989117531DC7213A0037CA11 /* Utility */ = {
			isa = PBXGroup;
			children = (
				989117541DC7213A0037CA11 /* NSAttributedString+YYText.h */,
				989117551DC7213A0037CA11 /* NSAttributedString+YYText.m */,
				989117561DC7213A0037CA11 /* NSParagraphStyle+YYText.h */,
				989117571DC7213A0037CA11 /* NSParagraphStyle+YYText.m */,
				989117581DC7213A0037CA11 /* UIPasteboard+YYText.h */,
				989117591DC7213A0037CA11 /* UIPasteboard+YYText.m */,
				9891175A1DC7213A0037CA11 /* UIView+YYText.h */,
				9891175B1DC7213A0037CA11 /* UIView+YYText.m */,
				9891175C1DC7213A0037CA11 /* YYTextAsyncLayer.h */,
				9891175D1DC7213A0037CA11 /* YYTextAsyncLayer.m */,
				9891175E1DC7213A0037CA11 /* YYTextTransaction.h */,
				9891175F1DC7213A0037CA11 /* YYTextTransaction.m */,
				989117601DC7213A0037CA11 /* YYTextUtilities.h */,
				989117611DC7213A0037CA11 /* YYTextUtilities.m */,
				989117621DC7213A0037CA11 /* YYTextWeakProxy.h */,
				989117631DC7213A0037CA11 /* YYTextWeakProxy.m */,
			);
			path = Utility;
			sourceTree = "<group>";
		};
/* End PBXGroup section */

/* Begin PBXNativeTarget section */
		986ADE581DC19A8A00098F2A /* TestProject */ = {
			isa = PBXNativeTarget;
			buildConfigurationList = 986ADE861DC19A8A00098F2A /* Build configuration list for PBXNativeTarget "TestProject" */;
			buildPhases = (
				986ADE551DC19A8A00098F2A /* Sources */,
				986ADE561DC19A8A00098F2A /* Frameworks */,
				986ADE571DC19A8A00098F2A /* Resources */,
			);
			buildRules = (
			);
			dependencies = (
			);
			name = TestProject;
			productName = TestProject;
			productReference = 986ADE591DC19A8A00098F2A /* TestProject.app */;
			productType = "com.apple.product-type.application";
		};
		986ADE711DC19A8A00098F2A /* TestProjectTests */ = {
			isa = PBXNativeTarget;
			buildConfigurationList = 986ADE891DC19A8A00098F2A /* Build configuration list for PBXNativeTarget "TestProjectTests" */;
			buildPhases = (
				986ADE6E1DC19A8A00098F2A /* Sources */,
				986ADE6F1DC19A8A00098F2A /* Frameworks */,
				986ADE701DC19A8A00098F2A /* Resources */,
			);
			buildRules = (
			);
			dependencies = (
				986ADE741DC19A8A00098F2A /* PBXTargetDependency */,
			);
			name = TestProjectTests;
			productName = TestProjectTests;
			productReference = 986ADE721DC19A8A00098F2A /* TestProjectTests.xctest */;
			productType = "com.apple.product-type.bundle.unit-test";
		};
		986ADE7C1DC19A8A00098F2A /* TestProjectUITests */ = {
			isa = PBXNativeTarget;
			buildConfigurationList = 986ADE8C1DC19A8A00098F2A /* Build configuration list for PBXNativeTarget "TestProjectUITests" */;
			buildPhases = (
				986ADE791DC19A8A00098F2A /* Sources */,
				986ADE7A1DC19A8A00098F2A /* Frameworks */,
				986ADE7B1DC19A8A00098F2A /* Resources */,
			);
			buildRules = (
			);
			dependencies = (
				986ADE7F1DC19A8A00098F2A /* PBXTargetDependency */,
			);
			name = TestProjectUITests;
			productName = TestProjectUITests;
			productReference = 986ADE7D1DC19A8A00098F2A /* TestProjectUITests.xctest */;
			productType = "com.apple.product-type.bundle.ui-testing";
		};
/* End PBXNativeTarget section */

/* Begin PBXProject section */
		986ADE511DC19A8A00098F2A /* Project object */ = {
			isa = PBXProject;
			attributes = {
				LastUpgradeCheck = 0800;
				ORGANIZATIONNAME = zmMac;
				TargetAttributes = {
					986ADE581DC19A8A00098F2A = {
						CreatedOnToolsVersion = 8.0;
						DevelopmentTeam = 4QQ73282F5;
						ProvisioningStyle = Automatic;
					};
					986ADE711DC19A8A00098F2A = {
						CreatedOnToolsVersion = 8.0;
						DevelopmentTeam = 4QQ73282F5;
						ProvisioningStyle = Automatic;
						TestTargetID = 986ADE581DC19A8A00098F2A;
					};
					986ADE7C1DC19A8A00098F2A = {
						CreatedOnToolsVersion = 8.0;
						DevelopmentTeam = 4QQ73282F5;
						ProvisioningStyle = Automatic;
						TestTargetID = 986ADE581DC19A8A00098F2A;
					};
				};
			};
			buildConfigurationList = 986ADE541DC19A8A00098F2A /* Build configuration list for PBXProject "TestProject" */;
			compatibilityVersion = "Xcode 3.2";
			developmentRegion = English;
			hasScannedForEncodings = 0;
			knownRegions = (
				en,
				Base,
				"zh-Hans",
			);
			mainGroup = 986ADE501DC19A8A00098F2A;
			productRefGroup = 986ADE5A1DC19A8A00098F2A /* Products */;
			projectDirPath = "";
			projectRoot = "";
			targets = (
				986ADE581DC19A8A00098F2A /* TestProject */,
				986ADE711DC19A8A00098F2A /* TestProjectTests */,
				986ADE7C1DC19A8A00098F2A /* TestProjectUITests */,
			);
		};
/* End PBXProject section */

/* Begin PBXResourcesBuildPhase section */
		986ADE571DC19A8A00098F2A /* Resources */ = {
			isa = PBXResourcesBuildPhase;
			buildActionMask = 2147483647;
			files = (
				986ADE9C1DC1A21500098F2A /* Localizable.strings in Resources */,
				986ADE6C1DC19A8A00098F2A /* LaunchScreen.storyboard in Resources */,
				986ADE961DC1A01F00098F2A /* InfoPlist.strings in Resources */,
				986ADE691DC19A8A00098F2A /* Assets.xcassets in Resources */,
				986ADE671DC19A8A00098F2A /* Main.storyboard in Resources */,
			);
			runOnlyForDeploymentPostprocessing = 0;
		};
		986ADE701DC19A8A00098F2A /* Resources */ = {
			isa = PBXResourcesBuildPhase;
			buildActionMask = 2147483647;
			files = (
			);
			runOnlyForDeploymentPostprocessing = 0;
		};
		986ADE7B1DC19A8A00098F2A /* Resources */ = {
			isa = PBXResourcesBuildPhase;
			buildActionMask = 2147483647;
			files = (
			);
			runOnlyForDeploymentPostprocessing = 0;
		};
/* End PBXResourcesBuildPhase section */

/* Begin PBXSourcesBuildPhase section */
		986ADE551DC19A8A00098F2A /* Sources */ = {
			isa = PBXSourcesBuildPhase;
			buildActionMask = 2147483647;
			files = (
				989117781DC7213A0037CA11 /* NSParagraphStyle+YYText.m in Sources */,
				986ADF2C1DC1F9DE00098F2A /* ZZAFNetworkClient.m in Sources */,
				986ADE641DC19A8A00098F2A /* ViewController.m in Sources */,
				988707601DCAE722000839BE /* SDWebImagePrefetcher.m in Sources */,
				988707681DCAE722000839BE /* UIView+WebCacheOperation.m in Sources */,
				986ADE611DC19A8A00098F2A /* AppDelegate.m in Sources */,
				986ADEFB1DC1D1F100098F2A /* YTKBatchRequestAgent.m in Sources */,
				9891176D1DC7213A0037CA11 /* YYTextKeyboardManager.m in Sources */,
				986ADF001DC1D1F100098F2A /* YTKNetworkPrivate.m in Sources */,
				9891176F1DC7213A0037CA11 /* YYTextLine.m in Sources */,
				989117701DC7213A0037CA11 /* YYTextMagnifier.m in Sources */,
				9891177E1DC7213A0037CA11 /* YYTextWeakProxy.m in Sources */,
				988707571DCAE722000839BE /* NSData+ImageContentType.m in Sources */,
				9891176B1DC7213A0037CA11 /* YYTextEffectWindow.m in Sources */,
				9891176A1DC7213A0037CA11 /* YYTextDebugOption.m in Sources */,
				9887075D1DCAE722000839BE /* SDWebImageDownloader.m in Sources */,
				988707671DCAE722000839BE /* UIView+WebCache.m in Sources */,
				9887075F1DCAE722000839BE /* SDWebImageManager.m in Sources */,
				986ADEFF1DC1D1F100098F2A /* YTKNetworkConfig.m in Sources */,
				988707621DCAE722000839BE /* UIImage+GIF.m in Sources */,
				989117771DC7213A0037CA11 /* NSAttributedString+YYText.m in Sources */,
				9891177A1DC7213A0037CA11 /* UIView+YYText.m in Sources */,
				988707611DCAE722000839BE /* UIButton+WebCache.m in Sources */,
				9887075E1DCAE722000839BE /* SDWebImageDownloaderOperation.m in Sources */,
				986ADF101DC1D9AF00098F2A /* AFHTTPSessionManager.m in Sources */,
				988707561DCAE722000839BE /* MKAnnotationView+WebCache.m in Sources */,
				9891177C1DC7213A0037CA11 /* YYTextTransaction.m in Sources */,
				9891176E1DC7213A0037CA11 /* YYTextLayout.m in Sources */,
				989117761DC7213A0037CA11 /* YYTextRunDelegate.m in Sources */,
				986ADEA61DC1A62B00098F2A /* UIView+ZZAdd.m in Sources */,
				986ADF111DC1D9AF00098F2A /* AFNetworkReachabilityManager.m in Sources */,
				986ADEFE1DC1D1F100098F2A /* YTKNetworkAgent.m in Sources */,
				986ADF011DC1D1F100098F2A /* YTKRequest.m in Sources */,
				9891177F1DC7213A0037CA11 /* YYLabel.m in Sources */,
				989117711DC7213A0037CA11 /* YYTextSelectionView.m in Sources */,
				986ADF191DC1DA8B00098F2A /* ZZYTKNetClient.m in Sources */,
				989117791DC7213A0037CA11 /* UIPasteboard+YYText.m in Sources */,
				986ADF151DC1D9AF00098F2A /* AFURLSessionManager.m in Sources */,
				986ADF141DC1D9AF00098F2A /* AFURLResponseSerialization.m in Sources */,
				989117741DC7213A0037CA11 /* YYTextParser.m in Sources */,
				986ADEFD1DC1D1F100098F2A /* YTKChainRequestAgent.m in Sources */,
				9887075C1DCAE722000839BE /* SDWebImageDecoder.m in Sources */,
				989117801DC7213A0037CA11 /* YYTextView.m in Sources */,
				988707661DCAE722000839BE /* UIImageView+WebCache.m in Sources */,
				989117721DC7213A0037CA11 /* YYTextArchiver.m in Sources */,
				989117751DC7213A0037CA11 /* YYTextRubyAnnotation.m in Sources */,
				986ADEFC1DC1D1F100098F2A /* YTKChainRequest.m in Sources */,
				988707641DCAE722000839BE /* UIImage+WebP.m in Sources */,
				986ADF131DC1D9AF00098F2A /* AFURLRequestSerialization.m in Sources */,
				9891177B1DC7213A0037CA11 /* YYTextAsyncLayer.m in Sources */,
				986ADF121DC1D9AF00098F2A /* AFSecurityPolicy.m in Sources */,
				986ADEFA1DC1D1F100098F2A /* YTKBatchRequest.m in Sources */,
				986ADEF91DC1D1F100098F2A /* YTKBaseRequest.m in Sources */,
				986ADF1C1DC1DED600098F2A /* ZZYTKRequest.m in Sources */,
				988707581DCAE722000839BE /* NSImage+WebCache.m in Sources */,
				988707631DCAE722000839BE /* UIImage+MultiFormat.m in Sources */,
				988707651DCAE722000839BE /* UIImageView+HighlightedWebCache.m in Sources */,
				9891177D1DC7213A0037CA11 /* YYTextUtilities.m in Sources */,
				988707591DCAE722000839BE /* SDImageCache.m in Sources */,
				989117691DC7213A0037CA11 /* YYTextContainerView.m in Sources */,
				986ADE5E1DC19A8A00098F2A /* main.m in Sources */,
				9891176C1DC7213A0037CA11 /* YYTextInput.m in Sources */,
				989117731DC7213A0037CA11 /* YYTextAttribute.m in Sources */,
				9887075A1DCAE722000839BE /* SDImageCacheConfig.m in Sources */,
				9887075B1DCAE722000839BE /* SDWebImageCompat.m in Sources */,
			);
			runOnlyForDeploymentPostprocessing = 0;
		};
		986ADE6E1DC19A8A00098F2A /* Sources */ = {
			isa = PBXSourcesBuildPhase;
			buildActionMask = 2147483647;
			files = (
				986ADE771DC19A8A00098F2A /* TestProjectTests.m in Sources */,
			);
			runOnlyForDeploymentPostprocessing = 0;
		};
		986ADE791DC19A8A00098F2A /* Sources */ = {
			isa = PBXSourcesBuildPhase;
			buildActionMask = 2147483647;
			files = (
				986ADE821DC19A8A00098F2A /* TestProjectUITests.m in Sources */,
			);
			runOnlyForDeploymentPostprocessing = 0;
		};
/* End PBXSourcesBuildPhase section */

/* Begin PBXTargetDependency section */
		986ADE741DC19A8A00098F2A /* PBXTargetDependency */ = {
			isa = PBXTargetDependency;
			target = 986ADE581DC19A8A00098F2A /* TestProject */;
			targetProxy = 986ADE731DC19A8A00098F2A /* PBXContainerItemProxy */;
		};
		986ADE7F1DC19A8A00098F2A /* PBXTargetDependency */ = {
			isa = PBXTargetDependency;
			target = 986ADE581DC19A8A00098F2A /* TestProject */;
			targetProxy = 986ADE7E1DC19A8A00098F2A /* PBXContainerItemProxy */;
		};
/* End PBXTargetDependency section */

/* Begin PBXVariantGroup section */
		986ADE651DC19A8A00098F2A /* Main.storyboard */ = {
			isa = PBXVariantGroup;
			children = (
				986ADE661DC19A8A00098F2A /* Base */,
				986ADE921DC19E7200098F2A /* zh-Hans */,
			);
			name = Main.storyboard;
			sourceTree = "<group>";
		};
		986ADE6A1DC19A8A00098F2A /* LaunchScreen.storyboard */ = {
			isa = PBXVariantGroup;
			children = (
				986ADE6B1DC19A8A00098F2A /* Base */,
				986ADE931DC19E7200098F2A /* zh-Hans */,
			);
			name = LaunchScreen.storyboard;
			sourceTree = "<group>";
		};
		986ADE981DC1A01F00098F2A /* InfoPlist.strings */ = {
			isa = PBXVariantGroup;
			children = (
				986ADE971DC1A01F00098F2A /* en */,
				986ADE991DC1A04100098F2A /* zh-Hans */,
			);
			name = InfoPlist.strings;
			sourceTree = "<group>";
		};
		986ADE9E1DC1A21500098F2A /* Localizable.strings */ = {
			isa = PBXVariantGroup;
			children = (
				986ADE9D1DC1A21500098F2A /* en */,
				986ADE9F1DC1A21700098F2A /* zh-Hans */,
			);
			name = Localizable.strings;
			sourceTree = "<group>";
		};
/* End PBXVariantGroup section */

/* Begin XCBuildConfiguration section */
		986ADE841DC19A8A00098F2A /* Debug */ = {
			isa = XCBuildConfiguration;
			buildSettings = {
				ALWAYS_SEARCH_USER_PATHS = NO;
				CLANG_ANALYZER_LOCALIZABILITY_NONLOCALIZED = YES;
				CLANG_ANALYZER_NONNULL = YES;
				CLANG_CXX_LANGUAGE_STANDARD = "gnu++0x";
				CLANG_CXX_LIBRARY = "libc++";
				CLANG_ENABLE_MODULES = YES;
				CLANG_ENABLE_OBJC_ARC = YES;
				CLANG_WARN_BOOL_CONVERSION = YES;
				CLANG_WARN_CONSTANT_CONVERSION = YES;
				CLANG_WARN_DIRECT_OBJC_ISA_USAGE = YES_ERROR;
				CLANG_WARN_DOCUMENTATION_COMMENTS = YES;
				CLANG_WARN_EMPTY_BODY = YES;
				CLANG_WARN_ENUM_CONVERSION = YES;
				CLANG_WARN_INFINITE_RECURSION = YES;
				CLANG_WARN_INT_CONVERSION = YES;
				CLANG_WARN_OBJC_ROOT_CLASS = YES_ERROR;
				CLANG_WARN_SUSPICIOUS_MOVES = YES;
				CLANG_WARN_UNREACHABLE_CODE = YES;
				CLANG_WARN__DUPLICATE_METHOD_MATCH = YES;
				"CODE_SIGN_IDENTITY[sdk=iphoneos*]" = "iPhone Developer";
				COPY_PHASE_STRIP = NO;
				DEBUG_INFORMATION_FORMAT = dwarf;
				ENABLE_STRICT_OBJC_MSGSEND = YES;
				ENABLE_TESTABILITY = YES;
				GCC_C_LANGUAGE_STANDARD = gnu99;
				GCC_DYNAMIC_NO_PIC = NO;
				GCC_NO_COMMON_BLOCKS = YES;
				GCC_OPTIMIZATION_LEVEL = 0;
				GCC_PREPROCESSOR_DEFINITIONS = (
					"DEBUG=1",
					"$(inherited)",
				);
				GCC_WARN_64_TO_32_BIT_CONVERSION = YES;
				GCC_WARN_ABOUT_RETURN_TYPE = YES_ERROR;
				GCC_WARN_UNDECLARED_SELECTOR = YES;
				GCC_WARN_UNINITIALIZED_AUTOS = YES_AGGRESSIVE;
				GCC_WARN_UNUSED_FUNCTION = YES;
				GCC_WARN_UNUSED_VARIABLE = YES;
				IPHONEOS_DEPLOYMENT_TARGET = 10.0;
				MTL_ENABLE_DEBUG_INFO = YES;
				ONLY_ACTIVE_ARCH = YES;
				SDKROOT = iphoneos;
				TARGETED_DEVICE_FAMILY = "1,2";
			};
			name = Debug;
		};
		986ADE851DC19A8A00098F2A /* Release */ = {
			isa = XCBuildConfiguration;
			buildSettings = {
				ALWAYS_SEARCH_USER_PATHS = NO;
				CLANG_ANALYZER_LOCALIZABILITY_NONLOCALIZED = YES;
				CLANG_ANALYZER_NONNULL = YES;
				CLANG_CXX_LANGUAGE_STANDARD = "gnu++0x";
				CLANG_CXX_LIBRARY = "libc++";
				CLANG_ENABLE_MODULES = YES;
				CLANG_ENABLE_OBJC_ARC = YES;
				CLANG_WARN_BOOL_CONVERSION = YES;
				CLANG_WARN_CONSTANT_CONVERSION = YES;
				CLANG_WARN_DIRECT_OBJC_ISA_USAGE = YES_ERROR;
				CLANG_WARN_DOCUMENTATION_COMMENTS = YES;
				CLANG_WARN_EMPTY_BODY = YES;
				CLANG_WARN_ENUM_CONVERSION = YES;
				CLANG_WARN_INFINITE_RECURSION = YES;
				CLANG_WARN_INT_CONVERSION = YES;
				CLANG_WARN_OBJC_ROOT_CLASS = YES_ERROR;
				CLANG_WARN_SUSPICIOUS_MOVES = YES;
				CLANG_WARN_UNREACHABLE_CODE = YES;
				CLANG_WARN__DUPLICATE_METHOD_MATCH = YES;
				"CODE_SIGN_IDENTITY[sdk=iphoneos*]" = "iPhone Developer";
				COPY_PHASE_STRIP = NO;
				DEBUG_INFORMATION_FORMAT = "dwarf-with-dsym";
				ENABLE_NS_ASSERTIONS = NO;
				ENABLE_STRICT_OBJC_MSGSEND = YES;
				GCC_C_LANGUAGE_STANDARD = gnu99;
				GCC_NO_COMMON_BLOCKS = YES;
				GCC_WARN_64_TO_32_BIT_CONVERSION = YES;
				GCC_WARN_ABOUT_RETURN_TYPE = YES_ERROR;
				GCC_WARN_UNDECLARED_SELECTOR = YES;
				GCC_WARN_UNINITIALIZED_AUTOS = YES_AGGRESSIVE;
				GCC_WARN_UNUSED_FUNCTION = YES;
				GCC_WARN_UNUSED_VARIABLE = YES;
				IPHONEOS_DEPLOYMENT_TARGET = 10.0;
				MTL_ENABLE_DEBUG_INFO = NO;
				SDKROOT = iphoneos;
				TARGETED_DEVICE_FAMILY = "1,2";
				VALIDATE_PRODUCT = YES;
			};
			name = Release;
		};
		986ADE871DC19A8A00098F2A /* Debug */ = {
			isa = XCBuildConfiguration;
			buildSettings = {
				ASSETCATALOG_COMPILER_APPICON_NAME = AppIcon;
				DEVELOPMENT_TEAM = 4QQ73282F5;
				GCC_PREFIX_HEADER = /Users/olympusimac/clone/TestProject/TestProject/TestProject/TestProject.pch;
				INFOPLIST_FILE = TestProject/Info.plist;
				LD_RUNPATH_SEARCH_PATHS = "$(inherited) @executable_path/Frameworks";
				PRODUCT_BUNDLE_IDENTIFIER = com.pwccn.TestProject;
				PRODUCT_NAME = "$(TARGET_NAME)";
			};
			name = Debug;
		};
		986ADE881DC19A8A00098F2A /* Release */ = {
			isa = XCBuildConfiguration;
			buildSettings = {
				ASSETCATALOG_COMPILER_APPICON_NAME = AppIcon;
				DEVELOPMENT_TEAM = 4QQ73282F5;
				GCC_PREFIX_HEADER = /Users/olympusimac/clone/TestProject/TestProject/TestProject/TestProject.pch;
				INFOPLIST_FILE = TestProject/Info.plist;
				LD_RUNPATH_SEARCH_PATHS = "$(inherited) @executable_path/Frameworks";
				PRODUCT_BUNDLE_IDENTIFIER = com.pwccn.TestProject;
				PRODUCT_NAME = "$(TARGET_NAME)";
			};
			name = Release;
		};
		986ADE8A1DC19A8A00098F2A /* Debug */ = {
			isa = XCBuildConfiguration;
			buildSettings = {
				BUNDLE_LOADER = "$(TEST_HOST)";
				DEVELOPMENT_TEAM = 4QQ73282F5;
				INFOPLIST_FILE = TestProjectTests/Info.plist;
				LD_RUNPATH_SEARCH_PATHS = "$(inherited) @executable_path/Frameworks @loader_path/Frameworks";
				PRODUCT_BUNDLE_IDENTIFIER = com.pwccn.TestProjectTests;
				PRODUCT_NAME = "$(TARGET_NAME)";
				TEST_HOST = "$(BUILT_PRODUCTS_DIR)/TestProject.app/TestProject";
			};
			name = Debug;
		};
		986ADE8B1DC19A8A00098F2A /* Release */ = {
			isa = XCBuildConfiguration;
			buildSettings = {
				BUNDLE_LOADER = "$(TEST_HOST)";
				DEVELOPMENT_TEAM = 4QQ73282F5;
				INFOPLIST_FILE = TestProjectTests/Info.plist;
				LD_RUNPATH_SEARCH_PATHS = "$(inherited) @executable_path/Frameworks @loader_path/Frameworks";
				PRODUCT_BUNDLE_IDENTIFIER = com.pwccn.TestProjectTests;
				PRODUCT_NAME = "$(TARGET_NAME)";
				TEST_HOST = "$(BUILT_PRODUCTS_DIR)/TestProject.app/TestProject";
			};
			name = Release;
		};
		986ADE8D1DC19A8A00098F2A /* Debug */ = {
			isa = XCBuildConfiguration;
			buildSettings = {
				DEVELOPMENT_TEAM = 4QQ73282F5;
				INFOPLIST_FILE = TestProjectUITests/Info.plist;
				LD_RUNPATH_SEARCH_PATHS = "$(inherited) @executable_path/Frameworks @loader_path/Frameworks";
				PRODUCT_BUNDLE_IDENTIFIER = com.pwccn.TestProjectUITests;
				PRODUCT_NAME = "$(TARGET_NAME)";
				TEST_TARGET_NAME = TestProject;
			};
			name = Debug;
		};
		986ADE8E1DC19A8A00098F2A /* Release */ = {
			isa = XCBuildConfiguration;
			buildSettings = {
				DEVELOPMENT_TEAM = 4QQ73282F5;
				INFOPLIST_FILE = TestProjectUITests/Info.plist;
				LD_RUNPATH_SEARCH_PATHS = "$(inherited) @executable_path/Frameworks @loader_path/Frameworks";
				PRODUCT_BUNDLE_IDENTIFIER = com.pwccn.TestProjectUITests;
				PRODUCT_NAME = "$(TARGET_NAME)";
				TEST_TARGET_NAME = TestProject;
			};
			name = Release;
		};
/* End XCBuildConfiguration section */

/* Begin XCConfigurationList section */
		986ADE541DC19A8A00098F2A /* Build configuration list for PBXProject "TestProject" */ = {
			isa = XCConfigurationList;
			buildConfigurations = (
				986ADE841DC19A8A00098F2A /* Debug */,
				986ADE851DC19A8A00098F2A /* Release */,
			);
			defaultConfigurationIsVisible = 0;
			defaultConfigurationName = Release;
		};
		986ADE861DC19A8A00098F2A /* Build configuration list for PBXNativeTarget "TestProject" */ = {
			isa = XCConfigurationList;
			buildConfigurations = (
				986ADE871DC19A8A00098F2A /* Debug */,
				986ADE881DC19A8A00098F2A /* Release */,
			);
			defaultConfigurationIsVisible = 0;
			defaultConfigurationName = Release;
		};
		986ADE891DC19A8A00098F2A /* Build configuration list for PBXNativeTarget "TestProjectTests" */ = {
			isa = XCConfigurationList;
			buildConfigurations = (
				986ADE8A1DC19A8A00098F2A /* Debug */,
				986ADE8B1DC19A8A00098F2A /* Release */,
			);
			defaultConfigurationIsVisible = 0;
			defaultConfigurationName = Release;
		};
		986ADE8C1DC19A8A00098F2A /* Build configuration list for PBXNativeTarget "TestProjectUITests" */ = {
			isa = XCConfigurationList;
			buildConfigurations = (
				986ADE8D1DC19A8A00098F2A /* Debug */,
				986ADE8E1DC19A8A00098F2A /* Release */,
			);
			defaultConfigurationIsVisible = 0;
			defaultConfigurationName = Release;
		};
/* End XCConfigurationList section */
	};
	rootObject = 986ADE511DC19A8A00098F2A /* Project object */;
}
